
Microsoft Visual Studio Solution File, Format Version 12.00
# Visual Studio Version 17
VisualStudioVersion = 17.0.31423.177
MinimumVisualStudioVersion = 10.0.40219.1
Project("{9A19103F-16F7-4668-BE54-9A1E7A4F7556}") = "Jvav-Windows", "Jvav-Windows.csproj", "{326C78AB-BB1D-4FCD-8B30-84986D0F014D}"
EndProject
Project("{FAE04EC0-301F-11D3-BF4B-00C04F79EFBC}") = "UnitTest", "../UnitTest/UnitTest.csproj", "{24F93CC7-3F1A-4E6E-A894-FF0DA9A56405}"
EndProject
Global
	GlobalSection(SolutionConfigurationPlatforms) = preSolution
		Debug|Any CPU = Debug|Any CPU
		Release|Any CPU = Release|Any CPU
	EndGlobalSection
	GlobalSection(ProjectConfigurationPlatforms) = postSolution
		{326C78AB-BB1D-4FCD-8B30-84986D0F014D}.Debug|Any CPU.ActiveCfg = Debug|Any CPU
		{326C78AB-BB1D-4FCD-8B30-84986D0F014D}.Debug|Any CPU.Build.0 = Debug|Any CPU
		{326C78AB-BB1D-4FCD-8B30-84986D0F014D}.Release|Any CPU.ActiveCfg = Release|Any CPU
		{326C78AB-BB1D-4FCD-8B30-84986D0F014D}.Release|Any CPU.Build.0 = Release|Any CPU
		{24F93CC7-3F1A-4E6E-A894-FF0DA9A56405}.Debug|Any CPU.ActiveCfg = Debug|Any CPU
		{24F93CC7-3F1A-4E6E-A894-FF0DA9A56405}.Debug|Any CPU.Build.0 = Debug|Any CPU
		{24F93CC7-3F1A-4E6E-A894-FF0DA9A56405}.Release|Any CPU.ActiveCfg = Release|Any CPU
		{24F93CC7-3F1A-4E6E-A894-FF0DA9A56405}.Release|Any CPU.Build.0 = Release|Any CPU
	EndGlobalSection
	GlobalSection(SolutionProperties) = preSolution
		HideSolutionNode = FALSE
	EndGlobalSection
	GlobalSection(ExtensibilityGlobals) = postSolution
		SolutionGuid = {C32C583F-EBD6-4E92-B04B-6CA01FBD1DDC}
	EndGlobalSection
EndGlobal
